
Microsoft Visual Studio Solution File, Format Version 11.00
# Visual C# Express 2010
Project("{FAE04EC0-301F-11D3-BF4B-00C04F79EFBC}") = "robotBlue", "robotBlue\robotBlue.csproj", "{0D5394AF-18E7-4622-B4C7-670E83734A21}"
EndProject
Global
	GlobalSection(SolutionConfigurationPlatforms) = preSolution
		Debug|x86 = Debug|x86
		Release|x86 = Release|x86
	EndGlobalSection
	GlobalSection(ProjectConfigurationPlatforms) = postSolution
		{0D5394AF-18E7-4622-B4C7-670E83734A21}.Debug|x86.ActiveCfg = Debug|x86
		{0D5394AF-18E7-4622-B4C7-670E83734A21}.Debug|x86.Build.0 = Debug|x86
		{0D5394AF-18E7-4622-B4C7-670E83734A21}.Release|x86.ActiveCfg = Release|x86
		{0D5394AF-18E7-4622-B4C7-670E83734A21}.Release|x86.Build.0 = Release|x86
	EndGlobalSection
	GlobalSection(SolutionProperties) = preSolution
		HideSolutionNode = FALSE
	EndGlobalSection
EndGlobal
